
Microsoft Visual Studio Solution File, Format Version 12.00
# Visual Studio Version 16
VisualStudioVersion = 16.0.30717.126
MinimumVisualStudioVersion = 10.0.40219.1
Project("{9A19103F-16F7-4668-BE54-9A1E7A4F7556}") = "Model", "Model\Model.csproj", "{0C53A40F-FE4D-437F-981D-9377C21FF53D}"
EndProject
Project("{9A19103F-16F7-4668-BE54-9A1E7A4F7556}") = "DAL", "DAL\DAL.csproj", "{FA7916BF-F50E-4C47-92C3-A26A073A8BFA}"
EndProject
Project("{9A19103F-16F7-4668-BE54-9A1E7A4F7556}") = "UnitTest", "UnitTest_DAL\UnitTest.csproj", "{B6576970-A802-40E2-8569-66E06C9933B5}"
EndProject
Global
	GlobalSection(SolutionConfigurationPlatforms) = preSolution
		Debug|Any CPU = Debug|Any CPU
		Release|Any CPU = Release|Any CPU
	EndGlobalSection
	GlobalSection(ProjectConfigurationPlatforms) = postSolution
		{0C53A40F-FE4D-437F-981D-9377C21FF53D}.Debug|Any CPU.ActiveCfg = Debug|Any CPU
		{0C53A40F-FE4D-437F-981D-9377C21FF53D}.Debug|Any CPU.Build.0 = Debug|Any CPU
		{0C53A40F-FE4D-437F-981D-9377C21FF53D}.Release|Any CPU.ActiveCfg = Release|Any CPU
		{0C53A40F-FE4D-437F-981D-9377C21FF53D}.Release|Any CPU.Build.0 = Release|Any CPU
		{FA7916BF-F50E-4C47-92C3-A26A073A8BFA}.Debug|Any CPU.ActiveCfg = Debug|Any CPU
		{FA7916BF-F50E-4C47-92C3-A26A073A8BFA}.Debug|Any CPU.Build.0 = Debug|Any CPU
		{FA7916BF-F50E-4C47-92C3-A26A073A8BFA}.Release|Any CPU.ActiveCfg = Release|Any CPU
		{FA7916BF-F50E-4C47-92C3-A26A073A8BFA}.Release|Any CPU.Build.0 = Release|Any CPU
		{B6576970-A802-40E2-8569-66E06C9933B5}.Debug|Any CPU.ActiveCfg = Debug|Any CPU
		{B6576970-A802-40E2-8569-66E06C9933B5}.Debug|Any CPU.Build.0 = Debug|Any CPU
		{B6576970-A802-40E2-8569-66E06C9933B5}.Release|Any CPU.ActiveCfg = Release|Any CPU
		{B6576970-A802-40E2-8569-66E06C9933B5}.Release|Any CPU.Build.0 = Release|Any CPU
	EndGlobalSection
	GlobalSection(SolutionProperties) = preSolution
		HideSolutionNode = FALSE
	EndGlobalSection
	GlobalSection(ExtensibilityGlobals) = postSolution
		SolutionGuid = {EC2D9B46-F1E8-42C0-B193-B10F4DBA576B}
	EndGlobalSection
EndGlobal
